{
    "_meta": {
        "hash": {
            "sha256": "213386276cb69b081bc2855eff3ce4d53be2d93da7039ab1178cbf899212c25c"
        },
        "pipfile-spec": 6,
        "requires": {
            "python_full_version": "3.13.5",
            "python_version": "3.13"
        },
        "sources": [
            {
                "name": "pypi",
                "url": "https://pypi.org/simple",
                "verify_ssl": true
            }
        ]
    },
    "default": {
        "python-constraint": {
            "hashes": [
                "sha256:501d6f17afe0032dfc6ea6c0f8acc12e44f992733f00e8538961031ef27ccb8e"
            ],
            "index": "pypi",
            "version": "==1.4.0"
        }
    },
    "develop": {}
}
